// !$*UTF8*$!
{
	archiveVersion = 1;
	classes = {
	};
	objectVersion = 46;
	objects = {

/* Begin PBXBuildFile section */
		72AD5C9217BD1B7200A85539 /* button-cancel-d.png in Resources */ = {isa = PBXBuildFile; fileRef = 72AD5C8617BD1B7200A85539 /* button-cancel-d.png */; };
		72AD5C9317BD1B7200A85539 /* button-cancel-d@2x.png in Resources */ = {isa = PBXBuildFile; fileRef = 72AD5C8717BD1B7200A85539 /* button-cancel-d@2x.png */; };
		72AD5C9417BD1B7200A85539 /* button-cancel.png in Resources */ = {isa = PBXBuildFile; fileRef = 72AD5C8817BD1B7200A85539 /* button-cancel.png */; };
		72AD5C9517BD1B7200A85539 /* button-cancel@2x.png in Resources */ = {isa = PBXBuildFile; fileRef = 72AD5C8917BD1B7200A85539 /* button-cancel@2x.png */; };
		72AD5C9617BD1B7200A85539 /* button-default-d.png in Resources */ = {isa = PBXBuildFile; fileRef = 72AD5C8A17BD1B7200A85539 /* button-default-d.png */; };
		72AD5C9717BD1B7200A85539 /* button-default-d@2x.png in Resources */ = {isa = PBXBuildFile; fileRef = 72AD5C8B17BD1B7200A85539 /* button-default-d@2x.png */; };
		72AD5C9817BD1B7200A85539 /* button-default.png in Resources */ = {isa = PBXBuildFile; fileRef = 72AD5C8C17BD1B7200A85539 /* button-default.png */; };
		72AD5C9917BD1B7200A85539 /* button-default@2x.png in Resources */ = {isa = PBXBuildFile; fileRef = 72AD5C8D17BD1B7200A85539 /* button-default@2x.png */; };
		72AD5C9A17BD1B7200A85539 /* button-destructive-d.png in Resources */ = {isa = PBXBuildFile; fileRef = 72AD5C8E17BD1B7200A85539 /* button-destructive-d.png */; };
		72AD5C9B17BD1B7200A85539 /* button-destructive-d@2x.png in Resources */ = {isa = PBXBuildFile; fileRef = 72AD5C8F17BD1B7200A85539 /* button-destructive-d@2x.png */; };
		72AD5C9C17BD1B7200A85539 /* button-destructive.png in Resources */ = {isa = PBXBuildFile; fileRef = 72AD5C9017BD1B7200A85539 /* button-destructive.png */; };
		72AD5C9D17BD1B7200A85539 /* button-destructive@2x.png in Resources */ = {isa = PBXBuildFile; fileRef = 72AD5C9117BD1B7200A85539 /* button-destructive@2x.png */; };
		7E23C67317325EAA00784CF1 /* UIKit.framework in Frameworks */ = {isa = PBXBuildFile; fileRef = 7E23C67217325EAA00784CF1 /* UIKit.framework */; };
		7E23C67517325EAA00784CF1 /* Foundation.framework in Frameworks */ = {isa = PBXBuildFile; fileRef = 7E23C67417325EAA00784CF1 /* Foundation.framework */; };
		7E23C67717325EAA00784CF1 /* CoreGraphics.framework in Frameworks */ = {isa = PBXBuildFile; fileRef = 7E23C67617325EAA00784CF1 /* CoreGraphics.framework */; };
		7E23C67D17325EAA00784CF1 /* InfoPlist.strings in Resources */ = {isa = PBXBuildFile; fileRef = 7E23C67B17325EAA00784CF1 /* InfoPlist.strings */; };
		7E23C67F17325EAA00784CF1 /* main.m in Sources */ = {isa = PBXBuildFile; fileRef = 7E23C67E17325EAA00784CF1 /* main.m */; };
		7E23C68317325EAA00784CF1 /* AppDelegate.m in Sources */ = {isa = PBXBuildFile; fileRef = 7E23C68217325EAA00784CF1 /* AppDelegate.m */; };
		7E23C68517325EAA00784CF1 /* Default.png in Resources */ = {isa = PBXBuildFile; fileRef = 7E23C68417325EAA00784CF1 /* Default.png */; };
		7E23C68717325EAA00784CF1 /* Default@2x.png in Resources */ = {isa = PBXBuildFile; fileRef = 7E23C68617325EAA00784CF1 /* Default@2x.png */; };
		7E23C68917325EAB00784CF1 /* Default-568h@2x.png in Resources */ = {isa = PBXBuildFile; fileRef = 7E23C68817325EAB00784CF1 /* Default-568h@2x.png */; };
		7E23C68C17325EAB00784CF1 /* MainStoryboard_iPhone.storyboard in Resources */ = {isa = PBXBuildFile; fileRef = 7E23C68A17325EAB00784CF1 /* MainStoryboard_iPhone.storyboard */; };
		7E23C68F17325EAB00784CF1 /* MainStoryboard_iPad.storyboard in Resources */ = {isa = PBXBuildFile; fileRef = 7E23C68D17325EAB00784CF1 /* MainStoryboard_iPad.storyboard */; };
		7E23C69217325EAB00784CF1 /* ViewController.m in Sources */ = {isa = PBXBuildFile; fileRef = 7E23C69117325EAB00784CF1 /* ViewController.m */; };
		7E23C69C17325EBD00784CF1 /* SIAlertView.bundle in Resources */ = {isa = PBXBuildFile; fileRef = 7E23C69917325EBD00784CF1 /* SIAlertView.bundle */; };
		7E23C69D17325EBD00784CF1 /* SIAlertView.m in Sources */ = {isa = PBXBuildFile; fileRef = 7E23C69B17325EBD00784CF1 /* SIAlertView.m */; };
		7E23C69F1732606200784CF1 /* QuartzCore.framework in Frameworks */ = {isa = PBXBuildFile; fileRef = 7E23C69E1732606200784CF1 /* QuartzCore.framework */; };
		7E23C6A11732775E00784CF1 /* Icon.png in Resources */ = {isa = PBXBuildFile; fileRef = 7E23C6A01732775E00784CF1 /* Icon.png */; };
		7E23C6A31732776100784CF1 /* Icon@2x.png in Resources */ = {isa = PBXBuildFile; fileRef = 7E23C6A21732776100784CF1 /* Icon@2x.png */; };
		7E23C6A8173277EA00784CF1 /* Icon-72.png in Resources */ = {isa = PBXBuildFile; fileRef = 7E23C6A7173277EA00784CF1 /* Icon-72.png */; };
		7E23C6AA173277EE00784CF1 /* Icon-72@2x.png in Resources */ = {isa = PBXBuildFile; fileRef = 7E23C6A9173277EE00784CF1 /* Icon-72@2x.png */; };
/* End PBXBuildFile section */

/* Begin PBXFileReference section */
		72AD5C8617BD1B7200A85539 /* button-cancel-d.png */ = {isa = PBXFileReference; lastKnownFileType = image.png; path = "button-cancel-d.png"; sourceTree = "<group>"; };
		72AD5C8717BD1B7200A85539 /* button-cancel-d@2x.png */ = {isa = PBXFileReference; lastKnownFileType = image.png; path = "button-cancel-d@2x.png"; sourceTree = "<group>"; };
		72AD5C8817BD1B7200A85539 /* button-cancel.png */ = {isa = PBXFileReference; lastKnownFileType = image.png; path = "button-cancel.png"; sourceTree = "<group>"; };
		72AD5C8917BD1B7200A85539 /* button-cancel@2x.png */ = {isa = PBXFileReference; lastKnownFileType = image.png; path = "button-cancel@2x.png"; sourceTree = "<group>"; };
		72AD5C8A17BD1B7200A85539 /* button-default-d.png */ = {isa = PBXFileReference; lastKnownFileType = image.png; path = "button-default-d.png"; sourceTree = "<group>"; };
		72AD5C8B17BD1B7200A85539 /* button-default-d@2x.png */ = {isa = PBXFileReference; lastKnownFileType = image.png; path = "button-default-d@2x.png"; sourceTree = "<group>"; };
		72AD5C8C17BD1B7200A85539 /* button-default.png */ = {isa = PBXFileReference; lastKnownFileType = image.png; path = "button-default.png"; sourceTree = "<group>"; };
		72AD5C8D17BD1B7200A85539 /* button-default@2x.png */ = {isa = PBXFileReference; lastKnownFileType = image.png; path = "button-default@2x.png"; sourceTree = "<group>"; };
		72AD5C8E17BD1B7200A85539 /* button-destructive-d.png */ = {isa = PBXFileReference; lastKnownFileType = image.png; path = "button-destructive-d.png"; sourceTree = "<group>"; };
		72AD5C8F17BD1B7200A85539 /* button-destructive-d@2x.png */ = {isa = PBXFileReference; lastKnownFileType = image.png; path = "button-destructive-d@2x.png"; sourceTree = "<group>"; };
		72AD5C9017BD1B7200A85539 /* button-destructive.png */ = {isa = PBXFileReference; lastKnownFileType = image.png; path = "button-destructive.png"; sourceTree = "<group>"; };
		72AD5C9117BD1B7200A85539 /* button-destructive@2x.png */ = {isa = PBXFileReference; lastKnownFileType = image.png; path = "button-destructive@2x.png"; sourceTree = "<group>"; };
		7E23C66F17325EAA00784CF1 /* SIAlertViewExample.app */ = {isa = PBXFileReference; explicitFileType = wrapper.application; includeInIndex = 0; path = SIAlertViewExample.app; sourceTree = BUILT_PRODUCTS_DIR; };
		7E23C67217325EAA00784CF1 /* UIKit.framework */ = {isa = PBXFileReference; lastKnownFileType = wrapper.framework; name = UIKit.framework; path = System/Library/Frameworks/UIKit.framework; sourceTree = SDKROOT; };
		7E23C67417325EAA00784CF1 /* Foundation.framework */ = {isa = PBXFileReference; lastKnownFileType = wrapper.framework; name = Foundation.framework; path = System/Library/Frameworks/Foundation.framework; sourceTree = SDKROOT; };
		7E23C67617325EAA00784CF1 /* CoreGraphics.framework */ = {isa = PBXFileReference; lastKnownFileType = wrapper.framework; name = CoreGraphics.framework; path = System/Library/Frameworks/CoreGraphics.framework; sourceTree = SDKROOT; };
		7E23C67A17325EAA00784CF1 /* SIAlertViewExample-Info.plist */ = {isa = PBXFileReference; lastKnownFileType = text.plist.xml; path = "SIAlertViewExample-Info.plist"; sourceTree = "<group>"; };
		7E23C67C17325EAA00784CF1 /* en */ = {isa = PBXFileReference; lastKnownFileType = text.plist.strings; name = en; path = en.lproj/InfoPlist.strings; sourceTree = "<group>"; };
		7E23C67E17325EAA00784CF1 /* main.m */ = {isa = PBXFileReference; lastKnownFileType = sourcecode.c.objc; path = main.m; sourceTree = "<group>"; };
		7E23C68017325EAA00784CF1 /* SIAlertViewExample-Prefix.pch */ = {isa = PBXFileReference; lastKnownFileType = sourcecode.c.h; path = "SIAlertViewExample-Prefix.pch"; sourceTree = "<group>"; };
		7E23C68117325EAA00784CF1 /* AppDelegate.h */ = {isa = PBXFileReference; lastKnownFileType = sourcecode.c.h; path = AppDelegate.h; sourceTree = "<group>"; };
		7E23C68217325EAA00784CF1 /* AppDelegate.m */ = {isa = PBXFileReference; lastKnownFileType = sourcecode.c.objc; path = AppDelegate.m; sourceTree = "<group>"; };
		7E23C68417325EAA00784CF1 /* Default.png */ = {isa = PBXFileReference; lastKnownFileType = image.png; path = Default.png; sourceTree = "<group>"; };
		7E23C68617325EAA00784CF1 /* Default@2x.png */ = {isa = PBXFileReference; lastKnownFileType = image.png; path = "Default@2x.png"; sourceTree = "<group>"; };
		7E23C68817325EAB00784CF1 /* Default-568h@2x.png */ = {isa = PBXFileReference; lastKnownFileType = image.png; path = "Default-568h@2x.png"; sourceTree = "<group>"; };
		7E23C68B17325EAB00784CF1 /* en */ = {isa = PBXFileReference; lastKnownFileType = file.storyboard; name = en; path = en.lproj/MainStoryboard_iPhone.storyboard; sourceTree = "<group>"; };
		7E23C68E17325EAB00784CF1 /* en */ = {isa = PBXFileReference; lastKnownFileType = file.storyboard; name = en; path = en.lproj/MainStoryboard_iPad.storyboard; sourceTree = "<group>"; };
		7E23C69017325EAB00784CF1 /* ViewController.h */ = {isa = PBXFileReference; lastKnownFileType = sourcecode.c.h; path = ViewController.h; sourceTree = "<group>"; };
		7E23C69117325EAB00784CF1 /* ViewController.m */ = {isa = PBXFileReference; lastKnownFileType = sourcecode.c.objc; path = ViewController.m; sourceTree = "<group>"; };
		7E23C69917325EBD00784CF1 /* SIAlertView.bundle */ = {isa = PBXFileReference; lastKnownFileType = "wrapper.plug-in"; path = SIAlertView.bundle; sourceTree = "<group>"; };
		7E23C69A17325EBD00784CF1 /* SIAlertView.h */ = {isa = PBXFileReference; fileEncoding = 4; lastKnownFileType = sourcecode.c.h; path = SIAlertView.h; sourceTree = "<group>"; };
		7E23C69B17325EBD00784CF1 /* SIAlertView.m */ = {isa = PBXFileReference; fileEncoding = 4; lastKnownFileType = sourcecode.c.objc; path = SIAlertView.m; sourceTree = "<group>"; };
		7E23C69E1732606200784CF1 /* QuartzCore.framework */ = {isa = PBXFileReference; lastKnownFileType = wrapper.framework; name = QuartzCore.framework; path = System/Library/Frameworks/QuartzCore.framework; sourceTree = SDKROOT; };
		7E23C6A01732775E00784CF1 /* Icon.png */ = {isa = PBXFileReference; lastKnownFileType = image.png; path = Icon.png; sourceTree = "<group>"; };
		7E23C6A21732776100784CF1 /* Icon@2x.png */ = {isa = PBXFileReference; lastKnownFileType = image.png; path = "Icon@2x.png"; sourceTree = "<group>"; };
		7E23C6A7173277EA00784CF1 /* Icon-72.png */ = {isa = PBXFileReference; lastKnownFileType = image.png; path = "Icon-72.png"; sourceTree = "<group>"; };
		7E23C6A9173277EE00784CF1 /* Icon-72@2x.png */ = {isa = PBXFileReference; lastKnownFileType = image.png; path = "Icon-72@2x.png"; sourceTree = "<group>"; };
/* End PBXFileReference section */

/* Begin PBXFrameworksBuildPhase section */
		7E23C66C17325EAA00784CF1 /* Frameworks */ = {
			isa = PBXFrameworksBuildPhase;
			buildActionMask = 2147483647;
			files = (
				7E23C69F1732606200784CF1 /* QuartzCore.framework in Frameworks */,
				7E23C67317325EAA00784CF1 /* UIKit.framework in Frameworks */,
				7E23C67517325EAA00784CF1 /* Foundation.framework in Frameworks */,
				7E23C67717325EAA00784CF1 /* CoreGraphics.framework in Frameworks */,
			);
			runOnlyForDeploymentPostprocessing = 0;
		};
/* End PBXFrameworksBuildPhase section */

/* Begin PBXGroup section */
		72AD5C8517BD1B7200A85539 /* Button Images */ = {
			isa = PBXGroup;
			children = (
				72AD5C8617BD1B7200A85539 /* button-cancel-d.png */,
				72AD5C8717BD1B7200A85539 /* button-cancel-d@2x.png */,
				72AD5C8817BD1B7200A85539 /* button-cancel.png */,
				72AD5C8917BD1B7200A85539 /* button-cancel@2x.png */,
				72AD5C8A17BD1B7200A85539 /* button-default-d.png */,
				72AD5C8B17BD1B7200A85539 /* button-default-d@2x.png */,
				72AD5C8C17BD1B7200A85539 /* button-default.png */,
				72AD5C8D17BD1B7200A85539 /* button-default@2x.png */,
				72AD5C8E17BD1B7200A85539 /* button-destructive-d.png */,
				72AD5C8F17BD1B7200A85539 /* button-destructive-d@2x.png */,
				72AD5C9017BD1B7200A85539 /* button-destructive.png */,
				72AD5C9117BD1B7200A85539 /* button-destructive@2x.png */,
			);
			path = "Button Images";
			sourceTree = "<group>";
		};
		7E23C66617325EAA00784CF1 = {
			isa = PBXGroup;
			children = (
				7E23C69817325EBD00784CF1 /* SIAlertView */,
				7E23C67817325EAA00784CF1 /* SIAlertViewExample */,
				7E23C67117325EAA00784CF1 /* Frameworks */,
				7E23C67017325EAA00784CF1 /* Products */,
			);
			sourceTree = "<group>";
		};
		7E23C67017325EAA00784CF1 /* Products */ = {
			isa = PBXGroup;
			children = (
				7E23C66F17325EAA00784CF1 /* SIAlertViewExample.app */,
			);
			name = Products;
			sourceTree = "<group>";
		};
		7E23C67117325EAA00784CF1 /* Frameworks */ = {
			isa = PBXGroup;
			children = (
				7E23C69E1732606200784CF1 /* QuartzCore.framework */,
				7E23C67217325EAA00784CF1 /* UIKit.framework */,
				7E23C67417325EAA00784CF1 /* Foundation.framework */,
				7E23C67617325EAA00784CF1 /* CoreGraphics.framework */,
			);
			name = Frameworks;
			sourceTree = "<group>";
		};
		7E23C67817325EAA00784CF1 /* SIAlertViewExample */ = {
			isa = PBXGroup;
			children = (
				72AD5C8517BD1B7200A85539 /* Button Images */,
				7E23C6A41732776700784CF1 /* Icons */,
				7E23C6A5173277AB00784CF1 /* UI */,
				7E23C6A6173277B600784CF1 /* Classes */,
				7E23C67917325EAA00784CF1 /* Supporting Files */,
			);
			path = SIAlertViewExample;
			sourceTree = "<group>";
		};
		7E23C67917325EAA00784CF1 /* Supporting Files */ = {
			isa = PBXGroup;
			children = (
				7E23C67A17325EAA00784CF1 /* SIAlertViewExample-Info.plist */,
				7E23C67B17325EAA00784CF1 /* InfoPlist.strings */,
				7E23C67E17325EAA00784CF1 /* main.m */,
				7E23C68017325EAA00784CF1 /* SIAlertViewExample-Prefix.pch */,
				7E23C68417325EAA00784CF1 /* Default.png */,
				7E23C68617325EAA00784CF1 /* Default@2x.png */,
				7E23C68817325EAB00784CF1 /* Default-568h@2x.png */,
			);
			name = "Supporting Files";
			sourceTree = "<group>";
		};
		7E23C69817325EBD00784CF1 /* SIAlertView */ = {
			isa = PBXGroup;
			children = (
				7E23C69917325EBD00784CF1 /* SIAlertView.bundle */,
				7E23C69A17325EBD00784CF1 /* SIAlertView.h */,
				7E23C69B17325EBD00784CF1 /* SIAlertView.m */,
			);
			name = SIAlertView;
			path = ../SIAlertView;
			sourceTree = "<group>";
		};
		7E23C6A41732776700784CF1 /* Icons */ = {
			isa = PBXGroup;
			children = (
				7E23C6A9173277EE00784CF1 /* Icon-72@2x.png */,
				7E23C6A7173277EA00784CF1 /* Icon-72.png */,
				7E23C6A21732776100784CF1 /* Icon@2x.png */,
				7E23C6A01732775E00784CF1 /* Icon.png */,
			);
			name = Icons;
			path = ..;
			sourceTree = "<group>";
		};
		7E23C6A5173277AB00784CF1 /* UI */ = {
			isa = PBXGroup;
			children = (
				7E23C68A17325EAB00784CF1 /* MainStoryboard_iPhone.storyboard */,
				7E23C68D17325EAB00784CF1 /* MainStoryboard_iPad.storyboard */,
			);
			name = UI;
			sourceTree = "<group>";
		};
		7E23C6A6173277B600784CF1 /* Classes */ = {
			isa = PBXGroup;
			children = (
				7E23C68117325EAA00784CF1 /* AppDelegate.h */,
				7E23C68217325EAA00784CF1 /* AppDelegate.m */,
				7E23C69017325EAB00784CF1 /* ViewController.h */,
				7E23C69117325EAB00784CF1 /* ViewController.m */,
			);
			name = Classes;
			sourceTree = "<group>";
		};
/* End PBXGroup section */

/* Begin PBXNativeTarget section */
		7E23C66E17325EAA00784CF1 /* SIAlertViewExample */ = {
			isa = PBXNativeTarget;
			buildConfigurationList = 7E23C69517325EAB00784CF1 /* Build configuration list for PBXNativeTarget "SIAlertViewExample" */;
			buildPhases = (
				7E23C66B17325EAA00784CF1 /* Sources */,
				7E23C66C17325EAA00784CF1 /* Frameworks */,
				7E23C66D17325EAA00784CF1 /* Resources */,
			);
			buildRules = (
			);
			dependencies = (
			);
			name = SIAlertViewExample;
			productName = SIAlertViewExample;
			productReference = 7E23C66F17325EAA00784CF1 /* SIAlertViewExample.app */;
			productType = "com.apple.product-type.application";
		};
/* End PBXNativeTarget section */

/* Begin PBXProject section */
		7E23C66717325EAA00784CF1 /* Project object */ = {
			isa = PBXProject;
			attributes = {
				LastUpgradeCheck = 0460;
				ORGANIZATIONNAME = "Sumi Interactive";
			};
			buildConfigurationList = 7E23C66A17325EAA00784CF1 /* Build configuration list for PBXProject "SIAlertViewExample" */;
			compatibilityVersion = "Xcode 3.2";
			developmentRegion = English;
			hasScannedForEncodings = 0;
			knownRegions = (
				en,
			);
			mainGroup = 7E23C66617325EAA00784CF1;
			productRefGroup = 7E23C67017325EAA00784CF1 /* Products */;
			projectDirPath = "";
			projectRoot = "";
			targets = (
				7E23C66E17325EAA00784CF1 /* SIAlertViewExample */,
			);
		};
/* End PBXProject section */

/* Begin PBXResourcesBuildPhase section */
		7E23C66D17325EAA00784CF1 /* Resources */ = {
			isa = PBXResourcesBuildPhase;
			buildActionMask = 2147483647;
			files = (
				7E23C67D17325EAA00784CF1 /* InfoPlist.strings in Resources */,
				7E23C68517325EAA00784CF1 /* Default.png in Resources */,
				7E23C68717325EAA00784CF1 /* Default@2x.png in Resources */,
				7E23C68917325EAB00784CF1 /* Default-568h@2x.png in Resources */,
				7E23C68C17325EAB00784CF1 /* MainStoryboard_iPhone.storyboard in Resources */,
				7E23C68F17325EAB00784CF1 /* MainStoryboard_iPad.storyboard in Resources */,
				7E23C69C17325EBD00784CF1 /* SIAlertView.bundle in Resources */,
				7E23C6A11732775E00784CF1 /* Icon.png in Resources */,
				7E23C6A31732776100784CF1 /* Icon@2x.png in Resources */,
				7E23C6A8173277EA00784CF1 /* Icon-72.png in Resources */,
				7E23C6AA173277EE00784CF1 /* Icon-72@2x.png in Resources */,
				72AD5C9217BD1B7200A85539 /* button-cancel-d.png in Resources */,
				72AD5C9317BD1B7200A85539 /* button-cancel-d@2x.png in Resources */,
				72AD5C9417BD1B7200A85539 /* button-cancel.png in Resources */,
				72AD5C9517BD1B7200A85539 /* button-cancel@2x.png in Resources */,
				72AD5C9617BD1B7200A85539 /* button-default-d.png in Resources */,
				72AD5C9717BD1B7200A85539 /* button-default-d@2x.png in Resources */,
				72AD5C9817BD1B7200A85539 /* button-default.png in Resources */,
				72AD5C9917BD1B7200A85539 /* button-default@2x.png in Resources */,
				72AD5C9A17BD1B7200A85539 /* button-destructive-d.png in Resources */,
				72AD5C9B17BD1B7200A85539 /* button-destructive-d@2x.png in Resources */,
				72AD5C9C17BD1B7200A85539 /* button-destructive.png in Resources */,
				72AD5C9D17BD1B7200A85539 /* button-destructive@2x.png in Resources */,
			);
			runOnlyForDeploymentPostprocessing = 0;
		};
/* End PBXResourcesBuildPhase section */

/* Begin PBXSourcesBuildPhase section */
		7E23C66B17325EAA00784CF1 /* Sources */ = {
			isa = PBXSourcesBuildPhase;
			buildActionMask = 2147483647;
			files = (
				7E23C67F17325EAA00784CF1 /* main.m in Sources */,
				7E23C68317325EAA00784CF1 /* AppDelegate.m in Sources */,
				7E23C69217325EAB00784CF1 /* ViewController.m in Sources */,
				7E23C69D17325EBD00784CF1 /* SIAlertView.m in Sources */,
			);
			runOnlyForDeploymentPostprocessing = 0;
		};
/* End PBXSourcesBuildPhase section */

/* Begin PBXVariantGroup section */
		7E23C67B17325EAA00784CF1 /* InfoPlist.strings */ = {
			isa = PBXVariantGroup;
			children = (
				7E23C67C17325EAA00784CF1 /* en */,
			);
			name = InfoPlist.strings;
			sourceTree = "<group>";
		};
		7E23C68A17325EAB00784CF1 /* MainStoryboard_iPhone.storyboard */ = {
			isa = PBXVariantGroup;
			children = (
				7E23C68B17325EAB00784CF1 /* en */,
			);
			name = MainStoryboard_iPhone.storyboard;
			sourceTree = "<group>";
		};
		7E23C68D17325EAB00784CF1 /* MainStoryboard_iPad.storyboard */ = {
			isa = PBXVariantGroup;
			children = (
				7E23C68E17325EAB00784CF1 /* en */,
			);
			name = MainStoryboard_iPad.storyboard;
			sourceTree = "<group>";
		};
/* End PBXVariantGroup section */

/* Begin XCBuildConfiguration section */
		7E23C69317325EAB00784CF1 /* Debug */ = {
			isa = XCBuildConfiguration;
			buildSettings = {
				ALWAYS_SEARCH_USER_PATHS = NO;
				CLANG_CXX_LANGUAGE_STANDARD = "gnu++0x";
				CLANG_CXX_LIBRARY = "libc++";
				CLANG_ENABLE_OBJC_ARC = YES;
				CLANG_WARN_CONSTANT_CONVERSION = YES;
				CLANG_WARN_EMPTY_BODY = YES;
				CLANG_WARN_ENUM_CONVERSION = YES;
				CLANG_WARN_INT_CONVERSION = YES;
				CLANG_WARN__DUPLICATE_METHOD_MATCH = YES;
				"CODE_SIGN_IDENTITY[sdk=iphoneos*]" = "iPhone Developer";
				COPY_PHASE_STRIP = NO;
				GCC_C_LANGUAGE_STANDARD = gnu99;
				GCC_DYNAMIC_NO_PIC = NO;
				GCC_OPTIMIZATION_LEVEL = 0;
				GCC_PREPROCESSOR_DEFINITIONS = (
					"DEBUG=1",
					"$(inherited)",
				);
				GCC_SYMBOLS_PRIVATE_EXTERN = NO;
				GCC_WARN_ABOUT_RETURN_TYPE = YES;
				GCC_WARN_UNINITIALIZED_AUTOS = YES;
				GCC_WARN_UNUSED_VARIABLE = YES;
				IPHONEOS_DEPLOYMENT_TARGET = 6.1;
				ONLY_ACTIVE_ARCH = YES;
				SDKROOT = iphoneos;
				TARGETED_DEVICE_FAMILY = "1,2";
			};
			name = Debug;
		};
		7E23C69417325EAB00784CF1 /* Release */ = {
			isa = XCBuildConfiguration;
			buildSettings = {
				ALWAYS_SEARCH_USER_PATHS = NO;
				CLANG_CXX_LANGUAGE_STANDARD = "gnu++0x";
				CLANG_CXX_LIBRARY = "libc++";
				CLANG_ENABLE_OBJC_ARC = YES;
				CLANG_WARN_CONSTANT_CONVERSION = YES;
				CLANG_WARN_EMPTY_BODY = YES;
				CLANG_WARN_ENUM_CONVERSION = YES;
				CLANG_WARN_INT_CONVERSION = YES;
				CLANG_WARN__DUPLICATE_METHOD_MATCH = YES;
				"CODE_SIGN_IDENTITY[sdk=iphoneos*]" = "iPhone Developer";
				COPY_PHASE_STRIP = YES;
				GCC_C_LANGUAGE_STANDARD = gnu99;
				GCC_WARN_ABOUT_RETURN_TYPE = YES;
				GCC_WARN_UNINITIALIZED_AUTOS = YES;
				GCC_WARN_UNUSED_VARIABLE = YES;
				IPHONEOS_DEPLOYMENT_TARGET = 6.1;
				OTHER_CFLAGS = "-DNS_BLOCK_ASSERTIONS=1";
				SDKROOT = iphoneos;
				TARGETED_DEVICE_FAMILY = "1,2";
				VALIDATE_PRODUCT = YES;
			};
			name = Release;
		};
		7E23C69617325EAB00784CF1 /* Debug */ = {
			isa = XCBuildConfiguration;
			buildSettings = {
				GCC_PRECOMPILE_PREFIX_HEADER = YES;
				GCC_PREFIX_HEADER = "SIAlertViewExample/SIAlertViewExample-Prefix.pch";
				INFOPLIST_FILE = "SIAlertViewExample/SIAlertViewExample-Info.plist";
				IPHONEOS_DEPLOYMENT_TARGET = 5.0;
				PRODUCT_NAME = "$(TARGET_NAME)";
				WRAPPER_EXTENSION = app;
			};
			name = Debug;
		};
		7E23C69717325EAB00784CF1 /* Release */ = {
			isa = XCBuildConfiguration;
			buildSettings = {
				GCC_PRECOMPILE_PREFIX_HEADER = YES;
				GCC_PREFIX_HEADER = "SIAlertViewExample/SIAlertViewExample-Prefix.pch";
				INFOPLIST_FILE = "SIAlertViewExample/SIAlertViewExample-Info.plist";
				IPHONEOS_DEPLOYMENT_TARGET = 5.0;
				PRODUCT_NAME = "$(TARGET_NAME)";
				WRAPPER_EXTENSION = app;
			};
			name = Release;
		};
/* End XCBuildConfiguration section */

/* Begin XCConfigurationList section */
		7E23C66A17325EAA00784CF1 /* Build configuration list for PBXProject "SIAlertViewExample" */ = {
			isa = XCConfigurationList;
			buildConfigurations = (
				7E23C69317325EAB00784CF1 /* Debug */,
				7E23C69417325EAB00784CF1 /* Release */,
			);
			defaultConfigurationIsVisible = 0;
			defaultConfigurationName = Release;
		};
		7E23C69517325EAB00784CF1 /* Build configuration list for PBXNativeTarget "SIAlertViewExample" */ = {
			isa = XCConfigurationList;
			buildConfigurations = (
				7E23C69617325EAB00784CF1 /* Debug */,
				7E23C69717325EAB00784CF1 /* Release */,
			);
			defaultConfigurationIsVisible = 0;
			defaultConfigurationName = Release;
		};
/* End XCConfigurationList section */
	};
	rootObject = 7E23C66717325EAA00784CF1 /* Project object */;
}
